// !$*UTF8*$!
{
	archiveVersion = 1;
	classes = {
	};
	objectVersion = 50;
	objects = {

/* Begin PBXBuildFile section */
		CB068488209BA35F0034B4C0 /* AppDelegate.swift in Sources */ = {isa = PBXBuildFile; fileRef = CB068487209BA35F0034B4C0 /* AppDelegate.swift */; };
		CB06848A209BA35F0034B4C0 /* ViewController.swift in Sources */ = {isa = PBXBuildFile; fileRef = CB068489209BA35F0034B4C0 /* ViewController.swift */; };
		CB06848D209BA35F0034B4C0 /* Main.storyboard in Resources */ = {isa = PBXBuildFile; fileRef = CB06848B209BA35F0034B4C0 /* Main.storyboard */; };
		CB06848F209BA3600034B4C0 /* Assets.xcassets in Resources */ = {isa = PBXBuildFile; fileRef = CB06848E209BA3600034B4C0 /* Assets.xcassets */; };
		CB068492209BA3600034B4C0 /* LaunchScreen.storyboard in Resources */ = {isa = PBXBuildFile; fileRef = CB068490209BA3600034B4C0 /* LaunchScreen.storyboard */; };
		CB06849A209BDCF90034B4C0 /* Thunder.wav in Resources */ = {isa = PBXBuildFile; fileRef = CB068499209BDCF90034B4C0 /* Thunder.wav */; };
		CB06849C209BDD080034B4C0 /* Trumpets.wav in Resources */ = {isa = PBXBuildFile; fileRef = CB06849B209BDD080034B4C0 /* Trumpets.wav */; };
		CB06849E209BDD510034B4C0 /* Crash.wav in Resources */ = {isa = PBXBuildFile; fileRef = CB06849D209BDD510034B4C0 /* Crash.wav */; };
		CB0684A0209BDDA50034B4C0 /* Laugh.wav in Resources */ = {isa = PBXBuildFile; fileRef = CB06849F209BDDA50034B4C0 /* Laugh.wav */; };
		CB1E7C4A209CD50B00D5EE48 /* Music.wav in Resources */ = {isa = PBXBuildFile; fileRef = CB1E7C49209CD50B00D5EE48 /* Music.wav */; };
		EDA8BBF5BE4E575FFC0E37C9 /* Pods_Soundboard_App.framework in Frameworks */ = {isa = PBXBuildFile; fileRef = 57E564DDBFC2C1CC14A93DA9 /* Pods_Soundboard_App.framework */; };
/* End PBXBuildFile section */

/* Begin PBXFileReference section */
		57E564DDBFC2C1CC14A93DA9 /* Pods_Soundboard_App.framework */ = {isa = PBXFileReference; explicitFileType = wrapper.framework; includeInIndex = 0; path = Pods_Soundboard_App.framework; sourceTree = BUILT_PRODUCTS_DIR; };
		8C582D7D1B80E8F5545861A1 /* Pods-Soundboard-App.debug.xcconfig */ = {isa = PBXFileReference; includeInIndex = 1; lastKnownFileType = text.xcconfig; name = "Pods-Soundboard-App.debug.xcconfig"; path = "Pods/Target Support Files/Pods-Soundboard-App/Pods-Soundboard-App.debug.xcconfig"; sourceTree = "<group>"; };
		C28BB6DC03921CB71026EE8F /* Pods-Soundboard-App.release.xcconfig */ = {isa = PBXFileReference; includeInIndex = 1; lastKnownFileType = text.xcconfig; name = "Pods-Soundboard-App.release.xcconfig"; path = "Pods/Target Support Files/Pods-Soundboard-App/Pods-Soundboard-App.release.xcconfig"; sourceTree = "<group>"; };
		CB068484209BA35F0034B4C0 /* Soundboard-App.app */ = {isa = PBXFileReference; explicitFileType = wrapper.application; includeInIndex = 0; path = "Soundboard-App.app"; sourceTree = BUILT_PRODUCTS_DIR; };
		CB068487209BA35F0034B4C0 /* AppDelegate.swift */ = {isa = PBXFileReference; lastKnownFileType = sourcecode.swift; path = AppDelegate.swift; sourceTree = "<group>"; };
		CB068489209BA35F0034B4C0 /* ViewController.swift */ = {isa = PBXFileReference; lastKnownFileType = sourcecode.swift; path = ViewController.swift; sourceTree = "<group>"; };
		CB06848C209BA35F0034B4C0 /* Base */ = {isa = PBXFileReference; lastKnownFileType = file.storyboard; name = Base; path = Base.lproj/Main.storyboard; sourceTree = "<group>"; };
		CB06848E209BA3600034B4C0 /* Assets.xcassets */ = {isa = PBXFileReference; lastKnownFileType = folder.assetcatalog; path = Assets.xcassets; sourceTree = "<group>"; };
		CB068491209BA3600034B4C0 /* Base */ = {isa = PBXFileReference; lastKnownFileType = file.storyboard; name = Base; path = Base.lproj/LaunchScreen.storyboard; sourceTree = "<group>"; };
		CB068493209BA3600034B4C0 /* Info.plist */ = {isa = PBXFileReference; lastKnownFileType = text.plist.xml; path = Info.plist; sourceTree = "<group>"; };
		CB068499209BDCF90034B4C0 /* Thunder.wav */ = {isa = PBXFileReference; lastKnownFileType = audio.wav; path = Thunder.wav; sourceTree = "<group>"; };
		CB06849B209BDD080034B4C0 /* Trumpets.wav */ = {isa = PBXFileReference; lastKnownFileType = audio.wav; path = Trumpets.wav; sourceTree = "<group>"; };
		CB06849D209BDD510034B4C0 /* Crash.wav */ = {isa = PBXFileReference; lastKnownFileType = audio.wav; path = Crash.wav; sourceTree = "<group>"; };
		CB06849F209BDDA50034B4C0 /* Laugh.wav */ = {isa = PBXFileReference; lastKnownFileType = audio.wav; path = Laugh.wav; sourceTree = "<group>"; };
		CB1E7C49209CD50B00D5EE48 /* Music.wav */ = {isa = PBXFileReference; lastKnownFileType = audio.wav; path = Music.wav; sourceTree = "<group>"; };
/* End PBXFileReference section */

/* Begin PBXFrameworksBuildPhase section */
		CB068481209BA35F0034B4C0 /* Frameworks */ = {
			isa = PBXFrameworksBuildPhase;
			buildActionMask = 2147483647;
			files = (
				EDA8BBF5BE4E575FFC0E37C9 /* Pods_Soundboard_App.framework in Frameworks */,
			);
			runOnlyForDeploymentPostprocessing = 0;
		};
/* End PBXFrameworksBuildPhase section */

/* Begin PBXGroup section */
		ABF5DC217D230E0576D9B91A /* Frameworks */ = {
			isa = PBXGroup;
			children = (
				57E564DDBFC2C1CC14A93DA9 /* Pods_Soundboard_App.framework */,
			);
			name = Frameworks;
			sourceTree = "<group>";
		};
		CB06847B209BA35D0034B4C0 = {
			isa = PBXGroup;
			children = (
				CB068486209BA35F0034B4C0 /* Soundboard-App */,
				CB068485209BA35F0034B4C0 /* Products */,
				CC096DC8536D7ED90DFDB4FE /* Pods */,
				ABF5DC217D230E0576D9B91A /* Frameworks */,
			);
			sourceTree = "<group>";
		};
		CB068485209BA35F0034B4C0 /* Products */ = {
			isa = PBXGroup;
			children = (
				CB068484209BA35F0034B4C0 /* Soundboard-App.app */,
			);
			name = Products;
			sourceTree = "<group>";
		};
		CB068486209BA35F0034B4C0 /* Soundboard-App */ = {
			isa = PBXGroup;
			children = (
				CB1E7C48209CD3C500D5EE48 /* Sound Files */,
				CB068487209BA35F0034B4C0 /* AppDelegate.swift */,
				CB06848B209BA35F0034B4C0 /* Main.storyboard */,
				CB068489209BA35F0034B4C0 /* ViewController.swift */,
				CB06848E209BA3600034B4C0 /* Assets.xcassets */,
				CB068490209BA3600034B4C0 /* LaunchScreen.storyboard */,
				CB068493209BA3600034B4C0 /* Info.plist */,
			);
			path = "Soundboard-App";
			sourceTree = "<group>";
		};
		CB1E7C48209CD3C500D5EE48 /* Sound Files */ = {
			isa = PBXGroup;
			children = (
				CB06849D209BDD510034B4C0 /* Crash.wav */,
				CB1E7C49209CD50B00D5EE48 /* Music.wav */,
				CB06849B209BDD080034B4C0 /* Trumpets.wav */,
				CB068499209BDCF90034B4C0 /* Thunder.wav */,
				CB06849F209BDDA50034B4C0 /* Laugh.wav */,
			);
			path = "Sound Files";
			sourceTree = "<group>";
		};
		CC096DC8536D7ED90DFDB4FE /* Pods */ = {
			isa = PBXGroup;
			children = (
				8C582D7D1B80E8F5545861A1 /* Pods-Soundboard-App.debug.xcconfig */,
				C28BB6DC03921CB71026EE8F /* Pods-Soundboard-App.release.xcconfig */,
			);
			name = Pods;
			sourceTree = "<group>";
		};
/* End PBXGroup section */

/* Begin PBXNativeTarget section */
		CB068483209BA35F0034B4C0 /* Soundboard-App */ = {
			isa = PBXNativeTarget;
			buildConfigurationList = CB068496209BA3600034B4C0 /* Build configuration list for PBXNativeTarget "Soundboard-App" */;
			buildPhases = (
				7CD9C041B50C563B5AFFC32B /* [CP] Check Pods Manifest.lock */,
				CB068480209BA35F0034B4C0 /* Sources */,
				CB068481209BA35F0034B4C0 /* Frameworks */,
				CB068482209BA35F0034B4C0 /* Resources */,
				BFCF75F4AC4A1097CAC24EB3 /* [CP] Embed Pods Frameworks */,
			);
			buildRules = (
			);
			dependencies = (
			);
			name = "Soundboard-App";
			productName = "Soundboard-App";
			productReference = CB068484209BA35F0034B4C0 /* Soundboard-App.app */;
			productType = "com.apple.product-type.application";
		};
/* End PBXNativeTarget section */

/* Begin PBXProject section */
		CB06847C209BA35D0034B4C0 /* Project object */ = {
			isa = PBXProject;
			attributes = {
				LastSwiftUpdateCheck = 0940;
				LastUpgradeCheck = 0940;
				ORGANIZATIONNAME = "Tim Hoffman";
				TargetAttributes = {
					CB068483209BA35F0034B4C0 = {
						CreatedOnToolsVersion = 9.4;
					};
				};
			};
			buildConfigurationList = CB06847F209BA35D0034B4C0 /* Build configuration list for PBXProject "Soundboard-App" */;
			compatibilityVersion = "Xcode 9.3";
			developmentRegion = en;
			hasScannedForEncodings = 0;
			knownRegions = (
				en,
				Base,
			);
			mainGroup = CB06847B209BA35D0034B4C0;
			productRefGroup = CB068485209BA35F0034B4C0 /* Products */;
			projectDirPath = "";
			projectRoot = "";
			targets = (
				CB068483209BA35F0034B4C0 /* Soundboard-App */,
			);
		};
/* End PBXProject section */

/* Begin PBXResourcesBuildPhase section */
		CB068482209BA35F0034B4C0 /* Resources */ = {
			isa = PBXResourcesBuildPhase;
			buildActionMask = 2147483647;
			files = (
				CB06849C209BDD080034B4C0 /* Trumpets.wav in Resources */,
				CB068492209BA3600034B4C0 /* LaunchScreen.storyboard in Resources */,
				CB06849A209BDCF90034B4C0 /* Thunder.wav in Resources */,
				CB06848F209BA3600034B4C0 /* Assets.xcassets in Resources */,
				CB0684A0209BDDA50034B4C0 /* Laugh.wav in Resources */,
				CB06849E209BDD510034B4C0 /* Crash.wav in Resources */,
				CB1E7C4A209CD50B00D5EE48 /* Music.wav in Resources */,
				CB06848D209BA35F0034B4C0 /* Main.storyboard in Resources */,
			);
			runOnlyForDeploymentPostprocessing = 0;
		};
/* End PBXResourcesBuildPhase section */

/* Begin PBXShellScriptBuildPhase section */
		7CD9C041B50C563B5AFFC32B /* [CP] Check Pods Manifest.lock */ = {
			isa = PBXShellScriptBuildPhase;
			buildActionMask = 2147483647;
			files = (
			);
			inputPaths = (
				"${PODS_PODFILE_DIR_PATH}/Podfile.lock",
				"${PODS_ROOT}/Manifest.lock",
			);
			name = "[CP] Check Pods Manifest.lock";
			outputPaths = (
				"$(DERIVED_FILE_DIR)/Pods-Soundboard-App-checkManifestLockResult.txt",
			);
			runOnlyForDeploymentPostprocessing = 0;
			shellPath = /bin/sh;
			shellScript = "diff \"${PODS_PODFILE_DIR_PATH}/Podfile.lock\" \"${PODS_ROOT}/Manifest.lock\" > /dev/null\nif [ $? != 0 ] ; then\n    # print error to STDERR\n    echo \"error: The sandbox is not in sync with the Podfile.lock. Run 'pod install' or update your CocoaPods installation.\" >&2\n    exit 1\nfi\n# This output is used by Xcode 'outputs' to avoid re-running this script phase.\necho \"SUCCESS\" > \"${SCRIPT_OUTPUT_FILE_0}\"\n";
			showEnvVarsInLog = 0;
		};
		BFCF75F4AC4A1097CAC24EB3 /* [CP] Embed Pods Frameworks */ = {
			isa = PBXShellScriptBuildPhase;
			buildActionMask = 2147483647;
			files = (
			);
			inputPaths = (
				"${SRCROOT}/Pods/Target Support Files/Pods-Soundboard-App/Pods-Soundboard-App-frameworks.sh",
				"${BUILT_PRODUCTS_DIR}/AudioPlayerSwift/AudioPlayer.framework",
				"${BUILT_PRODUCTS_DIR}/SwiftySound/SwiftySound.framework",
			);
			name = "[CP] Embed Pods Frameworks";
			outputPaths = (
				"${TARGET_BUILD_DIR}/${FRAMEWORKS_FOLDER_PATH}/AudioPlayer.framework",
				"${TARGET_BUILD_DIR}/${FRAMEWORKS_FOLDER_PATH}/SwiftySound.framework",
			);
			runOnlyForDeploymentPostprocessing = 0;
			shellPath = /bin/sh;
			shellScript = "\"${SRCROOT}/Pods/Target Support Files/Pods-Soundboard-App/Pods-Soundboard-App-frameworks.sh\"\n";
			showEnvVarsInLog = 0;
		};
/* End PBXShellScriptBuildPhase section */

/* Begin PBXSourcesBuildPhase section */
		CB068480209BA35F0034B4C0 /* Sources */ = {
			isa = PBXSourcesBuildPhase;
			buildActionMask = 2147483647;
			files = (
				CB06848A209BA35F0034B4C0 /* ViewController.swift in Sources */,
				CB068488209BA35F0034B4C0 /* AppDelegate.swift in Sources */,
			);
			runOnlyForDeploymentPostprocessing = 0;
		};
/* End PBXSourcesBuildPhase section */

/* Begin PBXVariantGroup section */
		CB06848B209BA35F0034B4C0 /* Main.storyboard */ = {
			isa = PBXVariantGroup;
			children = (
				CB06848C209BA35F0034B4C0 /* Base */,
			);
			name = Main.storyboard;
			sourceTree = "<group>";
		};
		CB068490209BA3600034B4C0 /* LaunchScreen.storyboard */ = {
			isa = PBXVariantGroup;
			children = (
				CB068491209BA3600034B4C0 /* Base */,
			);
			name = LaunchScreen.storyboard;
			sourceTree = "<group>";
		};
/* End PBXVariantGroup section */

/* Begin XCBuildConfiguration section */
		CB068494209BA3600034B4C0 /* Debug */ = {
			isa = XCBuildConfiguration;
			buildSettings = {
				ALWAYS_SEARCH_USER_PATHS = NO;
				CLANG_ANALYZER_NONNULL = YES;
				CLANG_ANALYZER_NUMBER_OBJECT_CONVERSION = YES_AGGRESSIVE;
				CLANG_CXX_LANGUAGE_STANDARD = "gnu++14";
				CLANG_CXX_LIBRARY = "libc++";
				CLANG_ENABLE_MODULES = YES;
				CLANG_ENABLE_OBJC_ARC = YES;
				CLANG_ENABLE_OBJC_WEAK = YES;
				CLANG_WARN_BLOCK_CAPTURE_AUTORELEASING = YES;
				CLANG_WARN_BOOL_CONVERSION = YES;
				CLANG_WARN_COMMA = YES;
				CLANG_WARN_CONSTANT_CONVERSION = YES;
				CLANG_WARN_DEPRECATED_OBJC_IMPLEMENTATIONS = YES;
				CLANG_WARN_DIRECT_OBJC_ISA_USAGE = YES_ERROR;
				CLANG_WARN_DOCUMENTATION_COMMENTS = YES;
				CLANG_WARN_EMPTY_BODY = YES;
				CLANG_WARN_ENUM_CONVERSION = YES;
				CLANG_WARN_INFINITE_RECURSION = YES;
				CLANG_WARN_INT_CONVERSION = YES;
				CLANG_WARN_NON_LITERAL_NULL_CONVERSION = YES;
				CLANG_WARN_OBJC_IMPLICIT_RETAIN_SELF = YES;
				CLANG_WARN_OBJC_LITERAL_CONVERSION = YES;
				CLANG_WARN_OBJC_ROOT_CLASS = YES_ERROR;
				CLANG_WARN_RANGE_LOOP_ANALYSIS = YES;
				CLANG_WARN_STRICT_PROTOTYPES = YES;
				CLANG_WARN_SUSPICIOUS_MOVE = YES;
				CLANG_WARN_UNGUARDED_AVAILABILITY = YES_AGGRESSIVE;
				CLANG_WARN_UNREACHABLE_CODE = YES;
				CLANG_WARN__DUPLICATE_METHOD_MATCH = YES;
				CODE_SIGN_IDENTITY = "iPhone Developer";
				COPY_PHASE_STRIP = NO;
				DEBUG_INFORMATION_FORMAT = dwarf;
				ENABLE_STRICT_OBJC_MSGSEND = YES;
				ENABLE_TESTABILITY = YES;
				GCC_C_LANGUAGE_STANDARD = gnu11;
				GCC_DYNAMIC_NO_PIC = NO;
				GCC_NO_COMMON_BLOCKS = YES;
				GCC_OPTIMIZATION_LEVEL = 0;
				GCC_PREPROCESSOR_DEFINITIONS = (
					"DEBUG=1",
					"$(inherited)",
				);
				GCC_WARN_64_TO_32_BIT_CONVERSION = YES;
				GCC_WARN_ABOUT_RETURN_TYPE = YES_ERROR;
				GCC_WARN_UNDECLARED_SELECTOR = YES;
				GCC_WARN_UNINITIALIZED_AUTOS = YES_AGGRESSIVE;
				GCC_WARN_UNUSED_FUNCTION = YES;
				GCC_WARN_UNUSED_VARIABLE = YES;
				IPHONEOS_DEPLOYMENT_TARGET = 11.4;
				MTL_ENABLE_DEBUG_INFO = YES;
				ONLY_ACTIVE_ARCH = YES;
				SDKROOT = iphoneos;
				SWIFT_ACTIVE_COMPILATION_CONDITIONS = DEBUG;
				SWIFT_OPTIMIZATION_LEVEL = "-Onone";
			};
			name = Debug;
		};
		CB068495209BA3600034B4C0 /* Release */ = {
			isa = XCBuildConfiguration;
			buildSettings = {
				ALWAYS_SEARCH_USER_PATHS = NO;
				CLANG_ANALYZER_NONNULL = YES;
				CLANG_ANALYZER_NUMBER_OBJECT_CONVERSION = YES_AGGRESSIVE;
				CLANG_CXX_LANGUAGE_STANDARD = "gnu++14";
				CLANG_CXX_LIBRARY = "libc++";
				CLANG_ENABLE_MODULES = YES;
				CLANG_ENABLE_OBJC_ARC = YES;
				CLANG_ENABLE_OBJC_WEAK = YES;
				CLANG_WARN_BLOCK_CAPTURE_AUTORELEASING = YES;
				CLANG_WARN_BOOL_CONVERSION = YES;
				CLANG_WARN_COMMA = YES;
				CLANG_WARN_CONSTANT_CONVERSION = YES;
				CLANG_WARN_DEPRECATED_OBJC_IMPLEMENTATIONS = YES;
				CLANG_WARN_DIRECT_OBJC_ISA_USAGE = YES_ERROR;
				CLANG_WARN_DOCUMENTATION_COMMENTS = YES;
				CLANG_WARN_EMPTY_BODY = YES;
				CLANG_WARN_ENUM_CONVERSION = YES;
				CLANG_WARN_INFINITE_RECURSION = YES;
				CLANG_WARN_INT_CONVERSION = YES;
				CLANG_WARN_NON_LITERAL_NULL_CONVERSION = YES;
				CLANG_WARN_OBJC_IMPLICIT_RETAIN_SELF = YES;
				CLANG_WARN_OBJC_LITERAL_CONVERSION = YES;
				CLANG_WARN_OBJC_ROOT_CLASS = YES_ERROR;
				CLANG_WARN_RANGE_LOOP_ANALYSIS = YES;
				CLANG_WARN_STRICT_PROTOTYPES = YES;
				CLANG_WARN_SUSPICIOUS_MOVE = YES;
				CLANG_WARN_UNGUARDED_AVAILABILITY = YES_AGGRESSIVE;
				CLANG_WARN_UNREACHABLE_CODE = YES;
				CLANG_WARN__DUPLICATE_METHOD_MATCH = YES;
				CODE_SIGN_IDENTITY = "iPhone Developer";
				COPY_PHASE_STRIP = NO;
				DEBUG_INFORMATION_FORMAT = "dwarf-with-dsym";
				ENABLE_NS_ASSERTIONS = NO;
				ENABLE_STRICT_OBJC_MSGSEND = YES;
				GCC_C_LANGUAGE_STANDARD = gnu11;
				GCC_NO_COMMON_BLOCKS = YES;
				GCC_WARN_64_TO_32_BIT_CONVERSION = YES;
				GCC_WARN_ABOUT_RETURN_TYPE = YES_ERROR;
				GCC_WARN_UNDECLARED_SELECTOR = YES;
				GCC_WARN_UNINITIALIZED_AUTOS = YES_AGGRESSIVE;
				GCC_WARN_UNUSED_FUNCTION = YES;
				GCC_WARN_UNUSED_VARIABLE = YES;
				IPHONEOS_DEPLOYMENT_TARGET = 11.4;
				MTL_ENABLE_DEBUG_INFO = NO;
				SDKROOT = iphoneos;
				SWIFT_COMPILATION_MODE = wholemodule;
				SWIFT_OPTIMIZATION_LEVEL = "-O";
				VALIDATE_PRODUCT = YES;
			};
			name = Release;
		};
		CB068497209BA3600034B4C0 /* Debug */ = {
			isa = XCBuildConfiguration;
			baseConfigurationReference = 8C582D7D1B80E8F5545861A1 /* Pods-Soundboard-App.debug.xcconfig */;
			buildSettings = {
				ASSETCATALOG_COMPILER_APPICON_NAME = AppIcon;
				CODE_SIGN_STYLE = Automatic;
				DEVELOPMENT_TEAM = 5MP6WDJ83W;
				INFOPLIST_FILE = "Soundboard-App/Info.plist";
				LD_RUNPATH_SEARCH_PATHS = "$(inherited) @executable_path/Frameworks";
				PRODUCT_BUNDLE_IDENTIFIER = "com.BetterPops.Soundboard-App";
				PRODUCT_NAME = "$(TARGET_NAME)";
				SWIFT_VERSION = 4.0;
				TARGETED_DEVICE_FAMILY = "1,2";
			};
			name = Debug;
		};
		CB068498209BA3600034B4C0 /* Release */ = {
			isa = XCBuildConfiguration;
			baseConfigurationReference = C28BB6DC03921CB71026EE8F /* Pods-Soundboard-App.release.xcconfig */;
			buildSettings = {
				ASSETCATALOG_COMPILER_APPICON_NAME = AppIcon;
				CODE_SIGN_STYLE = Automatic;
				DEVELOPMENT_TEAM = 5MP6WDJ83W;
				INFOPLIST_FILE = "Soundboard-App/Info.plist";
				LD_RUNPATH_SEARCH_PATHS = "$(inherited) @executable_path/Frameworks";
				PRODUCT_BUNDLE_IDENTIFIER = "com.BetterPops.Soundboard-App";
				PRODUCT_NAME = "$(TARGET_NAME)";
				SWIFT_VERSION = 4.0;
				TARGETED_DEVICE_FAMILY = "1,2";
			};
			name = Release;
		};
/* End XCBuildConfiguration section */

/* Begin XCConfigurationList section */
		CB06847F209BA35D0034B4C0 /* Build configuration list for PBXProject "Soundboard-App" */ = {
			isa = XCConfigurationList;
			buildConfigurations = (
				CB068494209BA3600034B4C0 /* Debug */,
				CB068495209BA3600034B4C0 /* Release */,
			);
			defaultConfigurationIsVisible = 0;
			defaultConfigurationName = Release;
		};
		CB068496209BA3600034B4C0 /* Build configuration list for PBXNativeTarget "Soundboard-App" */ = {
			isa = XCConfigurationList;
			buildConfigurations = (
				CB068497209BA3600034B4C0 /* Debug */,
				CB068498209BA3600034B4C0 /* Release */,
			);
			defaultConfigurationIsVisible = 0;
			defaultConfigurationName = Release;
		};
/* End XCConfigurationList section */
	};
	rootObject = CB06847C209BA35D0034B4C0 /* Project object */;
}
